<Solution>
  <Folder Name="/evals/">
    <Project Path="evals/Thaddeus.Lab/Thaddeus.Lab.csproj" />
  </Folder>
  <Folder Name="/src/">
    <Project Path="src/Thaddeus.Core/Thaddeus.Core.csproj" />
    <Project Path="src/Thaddeus.Host/Thaddeus.Host.csproj" />
    <Project Path="src/Thaddeus.Infrastructure/Thaddeus.Infrastructure.csproj" />
  </Folder>
  <Folder Name="/tests/">
    <Project Path="tests/Thaddeus.Tests/Thaddeus.Tests.csproj" />
  </Folder>
  <Folder Name="/tools/">
    <Project Path="tools/Thaddeus.NoticeBundle/Thaddeus.NoticeBundle.csproj" />
    <Project Path="tools/Thaddeus.LinuxProcessCheck/Thaddeus.LinuxProcessCheck.csproj" />
    <Project Path="tools/Thaddeus.NativeCheck/Thaddeus.NativeCheck.csproj" />
    <Project Path="tools/Thaddeus.NativeLab/Thaddeus.NativeLab.csproj" />
    <Project Path="tools/Thaddeus.ProcessCheck/Thaddeus.ProcessCheck.csproj" />
    <Project Path="tools/Thaddeus.ResearchCheck/Thaddeus.ResearchCheck.csproj" />
    <Project Path="tools/Thaddeus.WorkerCheck/Thaddeus.WorkerCheck.csproj" />
    <Project Path="tools/Thaddeus.WorkerBundle/Thaddeus.WorkerBundle.csproj" />
  </Folder>
</Solution>
